// !$*UTF8*$!
{
	archiveVersion = 1;
	classes = {
	};
	objectVersion = 55;
	objects = {

/* Begin PBXBuildFile section */
		318786A0E548563E5C77D019 /* Pods_Taxi.framework in Frameworks */ = {isa = PBXBuildFile; fileRef = 8328388327C0A04340FF5997 /* Pods_Taxi.framework */; };
		38AD75A5285A349100F19805 /* SideMenuVC.swift in Sources */ = {isa = PBXBuildFile; fileRef = 38AD75A3285A349100F19805 /* SideMenuVC.swift */; };
		38AD75A6285A349100F19805 /* SideMenuVC.xib in Resources */ = {isa = PBXBuildFile; fileRef = 38AD75A4285A349100F19805 /* SideMenuVC.xib */; };
		38AD75A9285A362E00F19805 /* BaseFloatingPanel.swift in Sources */ = {isa = PBXBuildFile; fileRef = 38AD75A7285A362E00F19805 /* BaseFloatingPanel.swift */; };
		38AD75AA285A362E00F19805 /* BaseFloatingPanel.xib in Resources */ = {isa = PBXBuildFile; fileRef = 38AD75A8285A362E00F19805 /* BaseFloatingPanel.xib */; };
		38AD75AC285A3DB700F19805 /* TargetView.swift in Sources */ = {isa = PBXBuildFile; fileRef = 38AD75AB285A3DB700F19805 /* TargetView.swift */; };
		38AD75AE285A3E6200F19805 /* UIViewExtension.swift in Sources */ = {isa = PBXBuildFile; fileRef = 38AD75AD285A3E6200F19805 /* UIViewExtension.swift */; };
		38E10BE3285A0C3800F3CBEA /* AppDelegate.swift in Sources */ = {isa = PBXBuildFile; fileRef = 38E10BE2285A0C3800F3CBEA /* AppDelegate.swift */; };
		38E10BE5285A0C3800F3CBEA /* SceneDelegate.swift in Sources */ = {isa = PBXBuildFile; fileRef = 38E10BE4285A0C3800F3CBEA /* SceneDelegate.swift */; };
		38E10BE7285A0C3800F3CBEA /* ViewController.swift in Sources */ = {isa = PBXBuildFile; fileRef = 38E10BE6285A0C3800F3CBEA /* ViewController.swift */; };
		38E10BEA285A0C3800F3CBEA /* Main.storyboard in Resources */ = {isa = PBXBuildFile; fileRef = 38E10BE8285A0C3800F3CBEA /* Main.storyboard */; };
		38E10BEC285A0C3800F3CBEA /* Assets.xcassets in Resources */ = {isa = PBXBuildFile; fileRef = 38E10BEB285A0C3800F3CBEA /* Assets.xcassets */; };
		38E10BEF285A0C3800F3CBEA /* LaunchScreen.storyboard in Resources */ = {isa = PBXBuildFile; fileRef = 38E10BED285A0C3800F3CBEA /* LaunchScreen.storyboard */; };
/* End PBXBuildFile section */

/* Begin PBXFileReference section */
		38AD75A3285A349100F19805 /* SideMenuVC.swift */ = {isa = PBXFileReference; lastKnownFileType = sourcecode.swift; path = SideMenuVC.swift; sourceTree = "<group>"; };
		38AD75A4285A349100F19805 /* SideMenuVC.xib */ = {isa = PBXFileReference; lastKnownFileType = file.xib; path = SideMenuVC.xib; sourceTree = "<group>"; };
		38AD75A7285A362E00F19805 /* BaseFloatingPanel.swift */ = {isa = PBXFileReference; lastKnownFileType = sourcecode.swift; path = BaseFloatingPanel.swift; sourceTree = "<group>"; };
		38AD75A8285A362E00F19805 /* BaseFloatingPanel.xib */ = {isa = PBXFileReference; lastKnownFileType = file.xib; path = BaseFloatingPanel.xib; sourceTree = "<group>"; };
		38AD75AB285A3DB700F19805 /* TargetView.swift */ = {isa = PBXFileReference; fileEncoding = 4; lastKnownFileType = sourcecode.swift; path = TargetView.swift; sourceTree = "<group>"; };
		38AD75AD285A3E6200F19805 /* UIViewExtension.swift */ = {isa = PBXFileReference; fileEncoding = 4; lastKnownFileType = sourcecode.swift; path = UIViewExtension.swift; sourceTree = "<group>"; };
		38E10BDF285A0C3800F3CBEA /* Taxi.app */ = {isa = PBXFileReference; explicitFileType = wrapper.application; includeInIndex = 0; path = Taxi.app; sourceTree = BUILT_PRODUCTS_DIR; };
		38E10BE2285A0C3800F3CBEA /* AppDelegate.swift */ = {isa = PBXFileReference; lastKnownFileType = sourcecode.swift; path = AppDelegate.swift; sourceTree = "<group>"; };
		38E10BE4285A0C3800F3CBEA /* SceneDelegate.swift */ = {isa = PBXFileReference; lastKnownFileType = sourcecode.swift; path = SceneDelegate.swift; sourceTree = "<group>"; };
		38E10BE6285A0C3800F3CBEA /* ViewController.swift */ = {isa = PBXFileReference; lastKnownFileType = sourcecode.swift; path = ViewController.swift; sourceTree = "<group>"; };
		38E10BE9285A0C3800F3CBEA /* Base */ = {isa = PBXFileReference; lastKnownFileType = file.storyboard; name = Base; path = Base.lproj/Main.storyboard; sourceTree = "<group>"; };
		38E10BEB285A0C3800F3CBEA /* Assets.xcassets */ = {isa = PBXFileReference; lastKnownFileType = folder.assetcatalog; path = Assets.xcassets; sourceTree = "<group>"; };
		38E10BEE285A0C3800F3CBEA /* Base */ = {isa = PBXFileReference; lastKnownFileType = file.storyboard; name = Base; path = Base.lproj/LaunchScreen.storyboard; sourceTree = "<group>"; };
		38E10BF0285A0C3800F3CBEA /* Info.plist */ = {isa = PBXFileReference; lastKnownFileType = text.plist.xml; path = Info.plist; sourceTree = "<group>"; };
		7758AAEDC66C845D0845A3D8 /* Pods-Taxi.debug.xcconfig */ = {isa = PBXFileReference; includeInIndex = 1; lastKnownFileType = text.xcconfig; name = "Pods-Taxi.debug.xcconfig"; path = "Target Support Files/Pods-Taxi/Pods-Taxi.debug.xcconfig"; sourceTree = "<group>"; };
		8328388327C0A04340FF5997 /* Pods_Taxi.framework */ = {isa = PBXFileReference; explicitFileType = wrapper.framework; includeInIndex = 0; path = Pods_Taxi.framework; sourceTree = BUILT_PRODUCTS_DIR; };
		96140CFA037BE8B7E8DBBEBB /* Pods-Taxi.release.xcconfig */ = {isa = PBXFileReference; includeInIndex = 1; lastKnownFileType = text.xcconfig; name = "Pods-Taxi.release.xcconfig"; path = "Target Support Files/Pods-Taxi/Pods-Taxi.release.xcconfig"; sourceTree = "<group>"; };
/* End PBXFileReference section */

/* Begin PBXFrameworksBuildPhase section */
		38E10BDC285A0C3800F3CBEA /* Frameworks */ = {
			isa = PBXFrameworksBuildPhase;
			buildActionMask = 2147483647;
			files = (
				318786A0E548563E5C77D019 /* Pods_Taxi.framework in Frameworks */,
			);
			runOnlyForDeploymentPostprocessing = 0;
		};
/* End PBXFrameworksBuildPhase section */

/* Begin PBXGroup section */
		38E10BD6285A0C3800F3CBEA = {
			isa = PBXGroup;
			children = (
				38E10BE1285A0C3800F3CBEA /* Taxi */,
				38E10BE0285A0C3800F3CBEA /* Products */,
				AFD2A1F7C4E4E141A80A6A43 /* Pods */,
				FFF5300025D030554B6B74CD /* Frameworks */,
			);
			sourceTree = "<group>";
		};
		38E10BE0285A0C3800F3CBEA /* Products */ = {
			isa = PBXGroup;
			children = (
				38E10BDF285A0C3800F3CBEA /* Taxi.app */,
			);
			name = Products;
			sourceTree = "<group>";
		};
		38E10BE1285A0C3800F3CBEA /* Taxi */ = {
			isa = PBXGroup;
			children = (
				38E10BE2285A0C3800F3CBEA /* AppDelegate.swift */,
				38E10BE4285A0C3800F3CBEA /* SceneDelegate.swift */,
				38E10BE6285A0C3800F3CBEA /* ViewController.swift */,
				38AD75A3285A349100F19805 /* SideMenuVC.swift */,
				38AD75A4285A349100F19805 /* SideMenuVC.xib */,
				38AD75A7285A362E00F19805 /* BaseFloatingPanel.swift */,
				38AD75A8285A362E00F19805 /* BaseFloatingPanel.xib */,
				38AD75AB285A3DB700F19805 /* TargetView.swift */,
				38AD75AD285A3E6200F19805 /* UIViewExtension.swift */,
				38E10BE8285A0C3800F3CBEA /* Main.storyboard */,
				38E10BEB285A0C3800F3CBEA /* Assets.xcassets */,
				38E10BED285A0C3800F3CBEA /* LaunchScreen.storyboard */,
				38E10BF0285A0C3800F3CBEA /* Info.plist */,
			);
			path = Taxi;
			sourceTree = "<group>";
		};
		AFD2A1F7C4E4E141A80A6A43 /* Pods */ = {
			isa = PBXGroup;
			children = (
				7758AAEDC66C845D0845A3D8 /* Pods-Taxi.debug.xcconfig */,
				96140CFA037BE8B7E8DBBEBB /* Pods-Taxi.release.xcconfig */,
			);
			path = Pods;
			sourceTree = "<group>";
		};
		FFF5300025D030554B6B74CD /* Frameworks */ = {
			isa = PBXGroup;
			children = (
				8328388327C0A04340FF5997 /* Pods_Taxi.framework */,
			);
			name = Frameworks;
			sourceTree = "<group>";
		};
/* End PBXGroup section */

/* Begin PBXNativeTarget section */
		38E10BDE285A0C3800F3CBEA /* Taxi */ = {
			isa = PBXNativeTarget;
			buildConfigurationList = 38E10BF3285A0C3800F3CBEA /* Build configuration list for PBXNativeTarget "Taxi" */;
			buildPhases = (
				87CE07805507D45691BE4361 /* [CP] Check Pods Manifest.lock */,
				38E10BDB285A0C3800F3CBEA /* Sources */,
				38E10BDC285A0C3800F3CBEA /* Frameworks */,
				38E10BDD285A0C3800F3CBEA /* Resources */,
				93CD2E88646DF47EA356931E /* [CP] Embed Pods Frameworks */,
			);
			buildRules = (
			);
			dependencies = (
			);
			name = Taxi;
			productName = Taxi;
			productReference = 38E10BDF285A0C3800F3CBEA /* Taxi.app */;
			productType = "com.apple.product-type.application";
		};
/* End PBXNativeTarget section */

/* Begin PBXProject section */
		38E10BD7285A0C3800F3CBEA /* Project object */ = {
			isa = PBXProject;
			attributes = {
				BuildIndependentTargetsInParallel = 1;
				LastSwiftUpdateCheck = 1340;
				LastUpgradeCheck = 1340;
				TargetAttributes = {
					38E10BDE285A0C3800F3CBEA = {
						CreatedOnToolsVersion = 13.4.1;
					};
				};
			};
			buildConfigurationList = 38E10BDA285A0C3800F3CBEA /* Build configuration list for PBXProject "Taxi" */;
			compatibilityVersion = "Xcode 13.0";
			developmentRegion = en;
			hasScannedForEncodings = 0;
			knownRegions = (
				en,
				Base,
			);
			mainGroup = 38E10BD6285A0C3800F3CBEA;
			productRefGroup = 38E10BE0285A0C3800F3CBEA /* Products */;
			projectDirPath = "";
			projectRoot = "";
			targets = (
				38E10BDE285A0C3800F3CBEA /* Taxi */,
			);
		};
/* End PBXProject section */

/* Begin PBXResourcesBuildPhase section */
		38E10BDD285A0C3800F3CBEA /* Resources */ = {
			isa = PBXResourcesBuildPhase;
			buildActionMask = 2147483647;
			files = (
				38E10BEF285A0C3800F3CBEA /* LaunchScreen.storyboard in Resources */,
				38AD75AA285A362E00F19805 /* BaseFloatingPanel.xib in Resources */,
				38E10BEC285A0C3800F3CBEA /* Assets.xcassets in Resources */,
				38AD75A6285A349100F19805 /* SideMenuVC.xib in Resources */,
				38E10BEA285A0C3800F3CBEA /* Main.storyboard in Resources */,
			);
			runOnlyForDeploymentPostprocessing = 0;
		};
/* End PBXResourcesBuildPhase section */

/* Begin PBXShellScriptBuildPhase section */
		87CE07805507D45691BE4361 /* [CP] Check Pods Manifest.lock */ = {
			isa = PBXShellScriptBuildPhase;
			buildActionMask = 2147483647;
			files = (
			);
			inputFileListPaths = (
			);
			inputPaths = (
				"${PODS_PODFILE_DIR_PATH}/Podfile.lock",
				"${PODS_ROOT}/Manifest.lock",
			);
			name = "[CP] Check Pods Manifest.lock";
			outputFileListPaths = (
			);
			outputPaths = (
				"$(DERIVED_FILE_DIR)/Pods-Taxi-checkManifestLockResult.txt",
			);
			runOnlyForDeploymentPostprocessing = 0;
			shellPath = /bin/sh;
			shellScript = "diff \"${PODS_PODFILE_DIR_PATH}/Podfile.lock\" \"${PODS_ROOT}/Manifest.lock\" > /dev/null\nif [ $? != 0 ] ; then\n    # print error to STDERR\n    echo \"error: The sandbox is not in sync with the Podfile.lock. Run 'pod install' or update your CocoaPods installation.\" >&2\n    exit 1\nfi\n# This output is used by Xcode 'outputs' to avoid re-running this script phase.\necho \"SUCCESS\" > \"${SCRIPT_OUTPUT_FILE_0}\"\n";
			showEnvVarsInLog = 0;
		};
		93CD2E88646DF47EA356931E /* [CP] Embed Pods Frameworks */ = {
			isa = PBXShellScriptBuildPhase;
			buildActionMask = 2147483647;
			files = (
			);
			inputFileListPaths = (
				"${PODS_ROOT}/Target Support Files/Pods-Taxi/Pods-Taxi-frameworks-${CONFIGURATION}-input-files.xcfilelist",
			);
			name = "[CP] Embed Pods Frameworks";
			outputFileListPaths = (
				"${PODS_ROOT}/Target Support Files/Pods-Taxi/Pods-Taxi-frameworks-${CONFIGURATION}-output-files.xcfilelist",
			);
			runOnlyForDeploymentPostprocessing = 0;
			shellPath = /bin/sh;
			shellScript = "\"${PODS_ROOT}/Target Support Files/Pods-Taxi/Pods-Taxi-frameworks.sh\"\n";
			showEnvVarsInLog = 0;
		};
/* End PBXShellScriptBuildPhase section */

/* Begin PBXSourcesBuildPhase section */
		38E10BDB285A0C3800F3CBEA /* Sources */ = {
			isa = PBXSourcesBuildPhase;
			buildActionMask = 2147483647;
			files = (
				38E10BE7285A0C3800F3CBEA /* ViewController.swift in Sources */,
				38E10BE3285A0C3800F3CBEA /* AppDelegate.swift in Sources */,
				38AD75A5285A349100F19805 /* SideMenuVC.swift in Sources */,
				38AD75A9285A362E00F19805 /* BaseFloatingPanel.swift in Sources */,
				38AD75AE285A3E6200F19805 /* UIViewExtension.swift in Sources */,
				38E10BE5285A0C3800F3CBEA /* SceneDelegate.swift in Sources */,
				38AD75AC285A3DB700F19805 /* TargetView.swift in Sources */,
			);
			runOnlyForDeploymentPostprocessing = 0;
		};
/* End PBXSourcesBuildPhase section */

/* Begin PBXVariantGroup section */
		38E10BE8285A0C3800F3CBEA /* Main.storyboard */ = {
			isa = PBXVariantGroup;
			children = (
				38E10BE9285A0C3800F3CBEA /* Base */,
			);
			name = Main.storyboard;
			sourceTree = "<group>";
		};
		38E10BED285A0C3800F3CBEA /* LaunchScreen.storyboard */ = {
			isa = PBXVariantGroup;
			children = (
				38E10BEE285A0C3800F3CBEA /* Base */,
			);
			name = LaunchScreen.storyboard;
			sourceTree = "<group>";
		};
/* End PBXVariantGroup section */

/* Begin XCBuildConfiguration section */
		38E10BF1285A0C3800F3CBEA /* Debug */ = {
			isa = XCBuildConfiguration;
			buildSettings = {
				ALWAYS_SEARCH_USER_PATHS = NO;
				CLANG_ANALYZER_NONNULL = YES;
				CLANG_ANALYZER_NUMBER_OBJECT_CONVERSION = YES_AGGRESSIVE;
				CLANG_CXX_LANGUAGE_STANDARD = "gnu++17";
				CLANG_ENABLE_MODULES = YES;
				CLANG_ENABLE_OBJC_ARC = YES;
				CLANG_ENABLE_OBJC_WEAK = YES;
				CLANG_WARN_BLOCK_CAPTURE_AUTORELEASING = YES;
				CLANG_WARN_BOOL_CONVERSION = YES;
				CLANG_WARN_COMMA = YES;
				CLANG_WARN_CONSTANT_CONVERSION = YES;
				CLANG_WARN_DEPRECATED_OBJC_IMPLEMENTATIONS = YES;
				CLANG_WARN_DIRECT_OBJC_ISA_USAGE = YES_ERROR;
				CLANG_WARN_DOCUMENTATION_COMMENTS = YES;
				CLANG_WARN_EMPTY_BODY = YES;
				CLANG_WARN_ENUM_CONVERSION = YES;
				CLANG_WARN_INFINITE_RECURSION = YES;
				CLANG_WARN_INT_CONVERSION = YES;
				CLANG_WARN_NON_LITERAL_NULL_CONVERSION = YES;
				CLANG_WARN_OBJC_IMPLICIT_RETAIN_SELF = YES;
				CLANG_WARN_OBJC_LITERAL_CONVERSION = YES;
				CLANG_WARN_OBJC_ROOT_CLASS = YES_ERROR;
				CLANG_WARN_QUOTED_INCLUDE_IN_FRAMEWORK_HEADER = YES;
				CLANG_WARN_RANGE_LOOP_ANALYSIS = YES;
				CLANG_WARN_STRICT_PROTOTYPES = YES;
				CLANG_WARN_SUSPICIOUS_MOVE = YES;
				CLANG_WARN_UNGUARDED_AVAILABILITY = YES_AGGRESSIVE;
				CLANG_WARN_UNREACHABLE_CODE = YES;
				CLANG_WARN__DUPLICATE_METHOD_MATCH = YES;
				COPY_PHASE_STRIP = NO;
				DEBUG_INFORMATION_FORMAT = dwarf;
				ENABLE_STRICT_OBJC_MSGSEND = YES;
				ENABLE_TESTABILITY = YES;
				GCC_C_LANGUAGE_STANDARD = gnu11;
				GCC_DYNAMIC_NO_PIC = NO;
				GCC_NO_COMMON_BLOCKS = YES;
				GCC_OPTIMIZATION_LEVEL = 0;
				GCC_PREPROCESSOR_DEFINITIONS = (
					"DEBUG=1",
					"$(inherited)",
				);
				GCC_WARN_64_TO_32_BIT_CONVERSION = YES;
				GCC_WARN_ABOUT_RETURN_TYPE = YES_ERROR;
				GCC_WARN_UNDECLARED_SELECTOR = YES;
				GCC_WARN_UNINITIALIZED_AUTOS = YES_AGGRESSIVE;
				GCC_WARN_UNUSED_FUNCTION = YES;
				GCC_WARN_UNUSED_VARIABLE = YES;
				IPHONEOS_DEPLOYMENT_TARGET = 15.5;
				MTL_ENABLE_DEBUG_INFO = INCLUDE_SOURCE;
				MTL_FAST_MATH = YES;
				ONLY_ACTIVE_ARCH = YES;
				SDKROOT = iphoneos;
				SWIFT_ACTIVE_COMPILATION_CONDITIONS = DEBUG;
				SWIFT_OPTIMIZATION_LEVEL = "-Onone";
			};
			name = Debug;
		};
		38E10BF2285A0C3800F3CBEA /* Release */ = {
			isa = XCBuildConfiguration;
			buildSettings = {
				ALWAYS_SEARCH_USER_PATHS = NO;
				CLANG_ANALYZER_NONNULL = YES;
				CLANG_ANALYZER_NUMBER_OBJECT_CONVERSION = YES_AGGRESSIVE;
				CLANG_CXX_LANGUAGE_STANDARD = "gnu++17";
				CLANG_ENABLE_MODULES = YES;
				CLANG_ENABLE_OBJC_ARC = YES;
				CLANG_ENABLE_OBJC_WEAK = YES;
				CLANG_WARN_BLOCK_CAPTURE_AUTORELEASING = YES;
				CLANG_WARN_BOOL_CONVERSION = YES;
				CLANG_WARN_COMMA = YES;
				CLANG_WARN_CONSTANT_CONVERSION = YES;
				CLANG_WARN_DEPRECATED_OBJC_IMPLEMENTATIONS = YES;
				CLANG_WARN_DIRECT_OBJC_ISA_USAGE = YES_ERROR;
				CLANG_WARN_DOCUMENTATION_COMMENTS = YES;
				CLANG_WARN_EMPTY_BODY = YES;
				CLANG_WARN_ENUM_CONVERSION = YES;
				CLANG_WARN_INFINITE_RECURSION = YES;
				CLANG_WARN_INT_CONVERSION = YES;
				CLANG_WARN_NON_LITERAL_NULL_CONVERSION = YES;
				CLANG_WARN_OBJC_IMPLICIT_RETAIN_SELF = YES;
				CLANG_WARN_OBJC_LITERAL_CONVERSION = YES;
				CLANG_WARN_OBJC_ROOT_CLASS = YES_ERROR;
				CLANG_WARN_QUOTED_INCLUDE_IN_FRAMEWORK_HEADER = YES;
				CLANG_WARN_RANGE_LOOP_ANALYSIS = YES;
				CLANG_WARN_STRICT_PROTOTYPES = YES;
				CLANG_WARN_SUSPICIOUS_MOVE = YES;
				CLANG_WARN_UNGUARDED_AVAILABILITY = YES_AGGRESSIVE;
				CLANG_WARN_UNREACHABLE_CODE = YES;
				CLANG_WARN__DUPLICATE_METHOD_MATCH = YES;
				COPY_PHASE_STRIP = NO;
				DEBUG_INFORMATION_FORMAT = "dwarf-with-dsym";
				ENABLE_NS_ASSERTIONS = NO;
				ENABLE_STRICT_OBJC_MSGSEND = YES;
				GCC_C_LANGUAGE_STANDARD = gnu11;
				GCC_NO_COMMON_BLOCKS = YES;
				GCC_WARN_64_TO_32_BIT_CONVERSION = YES;
				GCC_WARN_ABOUT_RETURN_TYPE = YES_ERROR;
				GCC_WARN_UNDECLARED_SELECTOR = YES;
				GCC_WARN_UNINITIALIZED_AUTOS = YES_AGGRESSIVE;
				GCC_WARN_UNUSED_FUNCTION = YES;
				GCC_WARN_UNUSED_VARIABLE = YES;
				IPHONEOS_DEPLOYMENT_TARGET = 15.5;
				MTL_ENABLE_DEBUG_INFO = NO;
				MTL_FAST_MATH = YES;
				SDKROOT = iphoneos;
				SWIFT_COMPILATION_MODE = wholemodule;
				SWIFT_OPTIMIZATION_LEVEL = "-O";
				VALIDATE_PRODUCT = YES;
			};
			name = Release;
		};
		38E10BF4285A0C3800F3CBEA /* Debug */ = {
			isa = XCBuildConfiguration;
			baseConfigurationReference = 7758AAEDC66C845D0845A3D8 /* Pods-Taxi.debug.xcconfig */;
			buildSettings = {
				ASSETCATALOG_COMPILER_APPICON_NAME = AppIcon;
				ASSETCATALOG_COMPILER_GLOBAL_ACCENT_COLOR_NAME = AccentColor;
				CODE_SIGN_STYLE = Automatic;
				CURRENT_PROJECT_VERSION = 1;
				DEVELOPMENT_TEAM = X3WZQ7V882;
				GENERATE_INFOPLIST_FILE = YES;
				INFOPLIST_FILE = Taxi/Info.plist;
				INFOPLIST_KEY_UIApplicationSupportsIndirectInputEvents = YES;
				INFOPLIST_KEY_UILaunchStoryboardName = LaunchScreen;
				INFOPLIST_KEY_UIMainStoryboardFile = Main;
				INFOPLIST_KEY_UISupportedInterfaceOrientations_iPad = "UIInterfaceOrientationPortrait UIInterfaceOrientationPortraitUpsideDown UIInterfaceOrientationLandscapeLeft UIInterfaceOrientationLandscapeRight";
				INFOPLIST_KEY_UISupportedInterfaceOrientations_iPhone = "UIInterfaceOrientationPortrait UIInterfaceOrientationLandscapeLeft UIInterfaceOrientationLandscapeRight";
				LD_RUNPATH_SEARCH_PATHS = (
					"$(inherited)",
					"@executable_path/Frameworks",
				);
				MARKETING_VERSION = 1.0;
				PRODUCT_BUNDLE_IDENTIFIER = co.azizullo.Taxi;
				PRODUCT_NAME = "$(TARGET_NAME)";
				SWIFT_EMIT_LOC_STRINGS = YES;
				SWIFT_VERSION = 5.0;
				TARGETED_DEVICE_FAMILY = "1,2";
			};
			name = Debug;
		};
		38E10BF5285A0C3800F3CBEA /* Release */ = {
			isa = XCBuildConfiguration;
			baseConfigurationReference = 96140CFA037BE8B7E8DBBEBB /* Pods-Taxi.release.xcconfig */;
			buildSettings = {
				ASSETCATALOG_COMPILER_APPICON_NAME = AppIcon;
				ASSETCATALOG_COMPILER_GLOBAL_ACCENT_COLOR_NAME = AccentColor;
				CODE_SIGN_STYLE = Automatic;
				CURRENT_PROJECT_VERSION = 1;
				DEVELOPMENT_TEAM = X3WZQ7V882;
				GENERATE_INFOPLIST_FILE = YES;
				INFOPLIST_FILE = Taxi/Info.plist;
				INFOPLIST_KEY_UIApplicationSupportsIndirectInputEvents = YES;
				INFOPLIST_KEY_UILaunchStoryboardName = LaunchScreen;
				INFOPLIST_KEY_UIMainStoryboardFile = Main;
				INFOPLIST_KEY_UISupportedInterfaceOrientations_iPad = "UIInterfaceOrientationPortrait UIInterfaceOrientationPortraitUpsideDown UIInterfaceOrientationLandscapeLeft UIInterfaceOrientationLandscapeRight";
				INFOPLIST_KEY_UISupportedInterfaceOrientations_iPhone = "UIInterfaceOrientationPortrait UIInterfaceOrientationLandscapeLeft UIInterfaceOrientationLandscapeRight";
				LD_RUNPATH_SEARCH_PATHS = (
					"$(inherited)",
					"@executable_path/Frameworks",
				);
				MARKETING_VERSION = 1.0;
				PRODUCT_BUNDLE_IDENTIFIER = co.azizullo.Taxi;
				PRODUCT_NAME = "$(TARGET_NAME)";
				SWIFT_EMIT_LOC_STRINGS = YES;
				SWIFT_VERSION = 5.0;
				TARGETED_DEVICE_FAMILY = "1,2";
			};
			name = Release;
		};
/* End XCBuildConfiguration section */

/* Begin XCConfigurationList section */
		38E10BDA285A0C3800F3CBEA /* Build configuration list for PBXProject "Taxi" */ = {
			isa = XCConfigurationList;
			buildConfigurations = (
				38E10BF1285A0C3800F3CBEA /* Debug */,
				38E10BF2285A0C3800F3CBEA /* Release */,
			);
			defaultConfigurationIsVisible = 0;
			defaultConfigurationName = Release;
		};
		38E10BF3285A0C3800F3CBEA /* Build configuration list for PBXNativeTarget "Taxi" */ = {
			isa = XCConfigurationList;
			buildConfigurations = (
				38E10BF4285A0C3800F3CBEA /* Debug */,
				38E10BF5285A0C3800F3CBEA /* Release */,
			);
			defaultConfigurationIsVisible = 0;
			defaultConfigurationName = Release;
		};
/* End XCConfigurationList section */
	};
	rootObject = 38E10BD7285A0C3800F3CBEA /* Project object */;
}
